
Microsoft Visual Studio Solution File, Format Version 12.00
# Visual Studio Version 17
VisualStudioVersion = 17.14.36414.22 d17.14
MinimumVisualStudioVersion = 10.0.40219.1
Project("{8BC9CEB8-8B4A-11D0-8D11-00A0C91BC942}") = "t7-mixtweaks", "t7-mixtweaks.vcxproj", "{0399C6DC-DFE2-4591-BDC7-B7D13E57DCA8}"
EndProject
Global
	GlobalSection(SolutionConfigurationPlatforms) = preSolution
		Debug|x64 = Debug|x64
		Debug|x86 = Debug|x86
		Release|x64 = Release|x64
		Release|x86 = Release|x86
	EndGlobalSection
	GlobalSection(ProjectConfigurationPlatforms) = postSolution
		{0399C6DC-DFE2-4591-BDC7-B7D13E57DCA8}.Debug|x64.ActiveCfg = Debug|x64
		{0399C6DC-DFE2-4591-BDC7-B7D13E57DCA8}.Debug|x64.Build.0 = Debug|x64
		{0399C6DC-DFE2-4591-BDC7-B7D13E57DCA8}.Debug|x86.ActiveCfg = Debug|Win32
		{0399C6DC-DFE2-4591-BDC7-B7D13E57DCA8}.Debug|x86.Build.0 = Debug|Win32
		{0399C6DC-DFE2-4591-BDC7-B7D13E57DCA8}.Release|x64.ActiveCfg = Release|x64
		{0399C6DC-DFE2-4591-BDC7-B7D13E57DCA8}.Release|x64.Build.0 = Release|x64
		{0399C6DC-DFE2-4591-BDC7-B7D13E57DCA8}.Release|x86.ActiveCfg = Release|Win32
		{0399C6DC-DFE2-4591-BDC7-B7D13E57DCA8}.Release|x86.Build.0 = Release|Win32
	EndGlobalSection
	GlobalSection(SolutionProperties) = preSolution
		HideSolutionNode = FALSE
	EndGlobalSection
	GlobalSection(ExtensibilityGlobals) = postSolution
		SolutionGuid = {FBC1FFD5-71D6-4FE3-BBC6-24E0FE760D83}
	EndGlobalSection
EndGlobal
